
Microsoft Visual Studio Solution File, Format Version 12.00
# Visual Studio Version 17
VisualStudioVersion = 17.14.36511.14 d17.14
MinimumVisualStudioVersion = 10.0.40219.1
Project("{FAE04EC0-301F-11D3-BF4B-00C04F79EFBC}") = "LibraryManagementSystem", "LibraryManagementSystem.csproj", "{9AF0E44B-F13C-41BB-9A8B-3BB3EE2D492A}"
EndProject
Global
	GlobalSection(SolutionConfigurationPlatforms) = preSolution
		Debug|Any CPU = Debug|Any CPU
		Release|Any CPU = Release|Any CPU
	EndGlobalSection
	GlobalSection(ProjectConfigurationPlatforms) = postSolution
		{9AF0E44B-F13C-41BB-9A8B-3BB3EE2D492A}.Debug|Any CPU.ActiveCfg = Debug|Any CPU
		{9AF0E44B-F13C-41BB-9A8B-3BB3EE2D492A}.Debug|Any CPU.Build.0 = Debug|Any CPU
		{9AF0E44B-F13C-41BB-9A8B-3BB3EE2D492A}.Release|Any CPU.ActiveCfg = Release|Any CPU
		{9AF0E44B-F13C-41BB-9A8B-3BB3EE2D492A}.Release|Any CPU.Build.0 = Release|Any CPU
	EndGlobalSection
	GlobalSection(SolutionProperties) = preSolution
		HideSolutionNode = FALSE
	EndGlobalSection
	GlobalSection(ExtensibilityGlobals) = postSolution
		SolutionGuid = {D6387085-1897-4374-8C23-2BB7CC8FD2F4}
	EndGlobalSection
EndGlobal
